
Microsoft Visual Studio Solution File, Format Version 12.00
# Visual Studio Version 17
VisualStudioVersion = 17.7.34003.232
MinimumVisualStudioVersion = 10.0.40219.1
Project("{FAE04EC0-301F-11D3-BF4B-00C04F79EFBC}") = "SignalRNoReconnectDemoClient", "SignalRNoReconnectDemoClient\SignalRNoReconnectDemoClient.csproj", "{F37DD6A2-DC2B-4536-B97D-CD6F86F48511}"
EndProject
Project("{9A19103F-16F7-4668-BE54-9A1E7A4F7556}") = "Signalr.Client", "Signalr.Client\Signalr.Client.csproj", "{79341FD6-7F83-45C5-885F-7E7DD8B6EF15}"
EndProject
Project("{9A19103F-16F7-4668-BE54-9A1E7A4F7556}") = "Communication.Core", "Communication.Core\Communication.Core.csproj", "{F6A8CD4A-61AE-4B18-9154-A332593417D5}"
EndProject
Global
	GlobalSection(SolutionConfigurationPlatforms) = preSolution
		Debug|Any CPU = Debug|Any CPU
		Release|Any CPU = Release|Any CPU
	EndGlobalSection
	GlobalSection(ProjectConfigurationPlatforms) = postSolution
		{F37DD6A2-DC2B-4536-B97D-CD6F86F48511}.Debug|Any CPU.ActiveCfg = Debug|Any CPU
		{F37DD6A2-DC2B-4536-B97D-CD6F86F48511}.Debug|Any CPU.Build.0 = Debug|Any CPU
		{F37DD6A2-DC2B-4536-B97D-CD6F86F48511}.Release|Any CPU.ActiveCfg = Release|Any CPU
		{F37DD6A2-DC2B-4536-B97D-CD6F86F48511}.Release|Any CPU.Build.0 = Release|Any CPU
		{79341FD6-7F83-45C5-885F-7E7DD8B6EF15}.Debug|Any CPU.ActiveCfg = Debug|Any CPU
		{79341FD6-7F83-45C5-885F-7E7DD8B6EF15}.Debug|Any CPU.Build.0 = Debug|Any CPU
		{79341FD6-7F83-45C5-885F-7E7DD8B6EF15}.Release|Any CPU.ActiveCfg = Release|Any CPU
		{79341FD6-7F83-45C5-885F-7E7DD8B6EF15}.Release|Any CPU.Build.0 = Release|Any CPU
		{F6A8CD4A-61AE-4B18-9154-A332593417D5}.Debug|Any CPU.ActiveCfg = Debug|Any CPU
		{F6A8CD4A-61AE-4B18-9154-A332593417D5}.Debug|Any CPU.Build.0 = Debug|Any CPU
		{F6A8CD4A-61AE-4B18-9154-A332593417D5}.Release|Any CPU.ActiveCfg = Release|Any CPU
		{F6A8CD4A-61AE-4B18-9154-A332593417D5}.Release|Any CPU.Build.0 = Release|Any CPU
	EndGlobalSection
	GlobalSection(SolutionProperties) = preSolution
		HideSolutionNode = FALSE
	EndGlobalSection
	GlobalSection(ExtensibilityGlobals) = postSolution
		SolutionGuid = {99FE1913-6F74-48B7-9488-1668409CC59D}
	EndGlobalSection
EndGlobal
